
Microsoft Visual Studio Solution File, Format Version 12.00
# Visual Studio 15
VisualStudioVersion = 15.0.27130.2036
MinimumVisualStudioVersion = 10.0.40219.1
Project("{FAE04EC0-301F-11D3-BF4B-00C04F79EFBC}") = "Sunny.Api", "Sunny\Sunny.Api.csproj", "{1CE590D4-4606-4B31-81E7-B1EBFB3806E6}"
EndProject
Project("{FAE04EC0-301F-11D3-BF4B-00C04F79EFBC}") = "Sunny.Db", "DB\Sunny.Db.csproj", "{6FEF5148-4622-4AB4-8B86-56D3E1B09C93}"
EndProject
Project("{FAE04EC0-301F-11D3-BF4B-00C04F79EFBC}") = "ConsoleApp1", "ConsoleApp1\ConsoleApp1.csproj", "{05701B4A-329E-4BE2-ADCA-B3533F114583}"
EndProject
Project("{FAE04EC0-301F-11D3-BF4B-00C04F79EFBC}") = "WebApplication1", "WebApplication1\WebApplication1.csproj", "{AA2D5E43-3D72-4683-9BC1-C10C17CDA29D}"
EndProject
Project("{FAE04EC0-301F-11D3-BF4B-00C04F79EFBC}") = "Sunny.Common", "Sunny.Common\Sunny.Common.csproj", "{430C45D0-09D8-42FA-88B4-526385BFAE8F}"
EndProject
Global
	GlobalSection(SolutionConfigurationPlatforms) = preSolution
		Debug|Any CPU = Debug|Any CPU
		Release|Any CPU = Release|Any CPU
	EndGlobalSection
	GlobalSection(ProjectConfigurationPlatforms) = postSolution
		{1CE590D4-4606-4B31-81E7-B1EBFB3806E6}.Debug|Any CPU.ActiveCfg = Debug|Any CPU
		{1CE590D4-4606-4B31-81E7-B1EBFB3806E6}.Debug|Any CPU.Build.0 = Debug|Any CPU
		{1CE590D4-4606-4B31-81E7-B1EBFB3806E6}.Release|Any CPU.ActiveCfg = Release|Any CPU
		{1CE590D4-4606-4B31-81E7-B1EBFB3806E6}.Release|Any CPU.Build.0 = Release|Any CPU
		{6FEF5148-4622-4AB4-8B86-56D3E1B09C93}.Debug|Any CPU.ActiveCfg = Debug|Any CPU
		{6FEF5148-4622-4AB4-8B86-56D3E1B09C93}.Debug|Any CPU.Build.0 = Debug|Any CPU
		{6FEF5148-4622-4AB4-8B86-56D3E1B09C93}.Release|Any CPU.ActiveCfg = Release|Any CPU
		{6FEF5148-4622-4AB4-8B86-56D3E1B09C93}.Release|Any CPU.Build.0 = Release|Any CPU
		{05701B4A-329E-4BE2-ADCA-B3533F114583}.Debug|Any CPU.ActiveCfg = Debug|Any CPU
		{05701B4A-329E-4BE2-ADCA-B3533F114583}.Debug|Any CPU.Build.0 = Debug|Any CPU
		{05701B4A-329E-4BE2-ADCA-B3533F114583}.Release|Any CPU.ActiveCfg = Release|Any CPU
		{05701B4A-329E-4BE2-ADCA-B3533F114583}.Release|Any CPU.Build.0 = Release|Any CPU
		{AA2D5E43-3D72-4683-9BC1-C10C17CDA29D}.Debug|Any CPU.ActiveCfg = Debug|Any CPU
		{AA2D5E43-3D72-4683-9BC1-C10C17CDA29D}.Debug|Any CPU.Build.0 = Debug|Any CPU
		{AA2D5E43-3D72-4683-9BC1-C10C17CDA29D}.Release|Any CPU.ActiveCfg = Release|Any CPU
		{AA2D5E43-3D72-4683-9BC1-C10C17CDA29D}.Release|Any CPU.Build.0 = Release|Any CPU
		{430C45D0-09D8-42FA-88B4-526385BFAE8F}.Debug|Any CPU.ActiveCfg = Debug|Any CPU
		{430C45D0-09D8-42FA-88B4-526385BFAE8F}.Debug|Any CPU.Build.0 = Debug|Any CPU
		{430C45D0-09D8-42FA-88B4-526385BFAE8F}.Release|Any CPU.ActiveCfg = Release|Any CPU
		{430C45D0-09D8-42FA-88B4-526385BFAE8F}.Release|Any CPU.Build.0 = Release|Any CPU
	EndGlobalSection
	GlobalSection(SolutionProperties) = preSolution
		HideSolutionNode = FALSE
	EndGlobalSection
	GlobalSection(ExtensibilityGlobals) = postSolution
		SolutionGuid = {CFBAF3FC-372F-4113-B957-F789D18BD6BE}
	EndGlobalSection
EndGlobal
